
Microsoft Visual Studio Solution File, Format Version 12.00
# Visual Studio Version 17
VisualStudioVersion = 17.5.002.0
MinimumVisualStudioVersion = 10.0.40219.1
Project("{9A19103F-16F7-4668-BE54-9A1E7A4F7556}") = "Course", "Course.csproj", "{0E0222E4-8D6F-4C60-9FF8-676C8FF1C6E3}"
EndProject
Global
	GlobalSection(SolutionConfigurationPlatforms) = preSolution
		Debug|Any CPU = Debug|Any CPU
		Release|Any CPU = Release|Any CPU
	EndGlobalSection
	GlobalSection(ProjectConfigurationPlatforms) = postSolution
		{0E0222E4-8D6F-4C60-9FF8-676C8FF1C6E3}.Debug|Any CPU.ActiveCfg = Debug|Any CPU
		{0E0222E4-8D6F-4C60-9FF8-676C8FF1C6E3}.Debug|Any CPU.Build.0 = Debug|Any CPU
		{0E0222E4-8D6F-4C60-9FF8-676C8FF1C6E3}.Release|Any CPU.ActiveCfg = Release|Any CPU
		{0E0222E4-8D6F-4C60-9FF8-676C8FF1C6E3}.Release|Any CPU.Build.0 = Release|Any CPU
	EndGlobalSection
	GlobalSection(SolutionProperties) = preSolution
		HideSolutionNode = FALSE
	EndGlobalSection
	GlobalSection(ExtensibilityGlobals) = postSolution
		SolutionGuid = {89BE0651-D764-4DD0-A6C6-02FD2E770118}
	EndGlobalSection
EndGlobal
